
Microsoft Visual Studio Solution File, Format Version 12.00
# Visual Studio 2012
Project("{E24C65DC-7377-472B-9ABA-BC803B73C61A}") = "CampusDynamics", ".", "{C6E7962E-DE46-4D7E-B0F2-3C5BE9150740}"
	ProjectSection(WebsiteProperties) = preProject
		TargetFrameworkMoniker = ".NETFramework,Version%3Dv4.0"
		Debug.AspNetCompiler.VirtualPath = "/CampusDynamics"
		Debug.AspNetCompiler.PhysicalPath = "..\CampusDynamics\"
		Debug.AspNetCompiler.TargetPath = "PrecompiledWeb\CampusDynamics\"
		Debug.AspNetCompiler.Updateable = "true"
		Debug.AspNetCompiler.ForceOverwrite = "true"
		Debug.AspNetCompiler.FixedNames = "false"
		Debug.AspNetCompiler.Debug = "True"
		Release.AspNetCompiler.VirtualPath = "/CampusDynamics"
		Release.AspNetCompiler.PhysicalPath = "..\CampusDynamics\"
		Release.AspNetCompiler.TargetPath = "PrecompiledWeb\CampusDynamics\"
		Release.AspNetCompiler.Updateable = "true"
		Release.AspNetCompiler.ForceOverwrite = "true"
		Release.AspNetCompiler.FixedNames = "false"
		Release.AspNetCompiler.Debug = "False"
		VWDPort = "5752"
	EndProjectSection
EndProject
Global
	GlobalSection(SolutionConfigurationPlatforms) = preSolution
		Debug|Any CPU = Debug|Any CPU
	EndGlobalSection
	GlobalSection(ProjectConfigurationPlatforms) = postSolution
		{C6E7962E-DE46-4D7E-B0F2-3C5BE9150740}.Debug|Any CPU.ActiveCfg = Debug|Any CPU
		{C6E7962E-DE46-4D7E-B0F2-3C5BE9150740}.Debug|Any CPU.Build.0 = Debug|Any CPU
	EndGlobalSection
	GlobalSection(SolutionProperties) = preSolution
		HideSolutionNode = FALSE
	EndGlobalSection
EndGlobal
